<?xml version="1.0" encoding="UTF-8"?>
<Scheme
   LastUpgradeVersion = "0730"
   wasCreatedForAppExtension = "YES"
   version = "2.0">
   <BuildAction
      parallelizeBuildables = "YES"
      buildImplicitDependencies = "YES">
      <BuildActionEntries>
         <BuildActionEntry
            buildForTesting = "YES"
            buildForRunning = "YES"
            buildForProfiling = "YES"
            buildForArchiving = "YES"
            buildForAnalyzing = "YES">
            <BuildableReference
               BuildableIdentifier = "primary"
               BlueprintIdentifier = "B235DE821D9A218D00A176F6"
               BuildableName = "&#x6309;&#x65f6;&#x6253;&#x7b97;.appex"
               BlueprintName = "&#x6309;&#x65f6;&#x6253;&#x7b97;"
               ReferencedContainer = "container:&#x8f6e;&#x64ad;&#x56fe;.xcodeproj">
            </BuildableReference>
         </BuildActionEntry>
         <BuildActionEntry
            buildForTesting = "YES"
            buildForRunning = "YES"
            buildForProfiling = "YES"
            buildForArchiving = "YES"
            buildForAnalyzing = "YES">
            <BuildableReference
               BuildableIdentifier = "primary"
               BlueprintIdentifier = "B235DE4A1D9A0D8E00A176F6"
               BuildableName = "&#x8f6e;&#x64ad;&#x56fe;.app"
               BlueprintName = "&#x8f6e;&#x64ad;&#x56fe;"
               ReferencedContainer = "container:&#x8f6e;&#x64ad;&#x56fe;.xcodeproj">
            </BuildableReference>
         </BuildActionEntry>
      </BuildActionEntries>
   </BuildAction>
   <TestAction
      buildConfiguration = "Debug"
      selectedDebuggerIdentifier = "Xcode.DebuggerFoundation.Debugger.LLDB"
      selectedLauncherIdentifier = "Xcode.DebuggerFoundation.Launcher.LLDB"
      shouldUseLaunchSchemeArgsEnv = "YES">
      <Testables>
      </Testables>
      <MacroExpansion>
         <BuildableReference
            BuildableIdentifier = "primary"
            BlueprintIdentifier = "B235DE821D9A218D00A176F6"
            BuildableName = "&#x6309;&#x65f6;&#x6253;&#x7b97;.appex"
            BlueprintName = "&#x6309;&#x65f6;&#x6253;&#x7b97;"
            ReferencedContainer = "container:&#x8f6e;&#x64ad;&#x56fe;.xcodeproj">
         </BuildableReference>
      </MacroExpansion>
      <AdditionalOptions>
      </AdditionalOptions>
   </TestAction>
   <LaunchAction
      buildConfiguration = "Debug"
      selectedDebuggerIdentifier = ""
      selectedLauncherIdentifier = "Xcode.IDEFoundation.Launcher.PosixSpawn"
      launchStyle = "0"
      useCustomWorkingDirectory = "NO"
      ignoresPersistentStateOnLaunch = "NO"
      debugDocumentVersioning = "YES"
      debugServiceExtension = "internal"
      allowLocationSimulation = "YES"
      launchAutomaticallySubstyle = "2">
      <BuildableProductRunnable
         runnableDebuggingMode = "0">
         <BuildableReference
            BuildableIdentifier = "primary"
            BlueprintIdentifier = "B235DE4A1D9A0D8E00A176F6"
            BuildableName = "&#x8f6e;&#x64ad;&#x56fe;.app"
            BlueprintName = "&#x8f6e;&#x64ad;&#x56fe;"
            ReferencedContainer = "container:&#x8f6e;&#x64ad;&#x56fe;.xcodeproj">
         </BuildableReference>
      </BuildableProductRunnable>
      <AdditionalOptions>
      </AdditionalOptions>
   </LaunchAction>
   <ProfileAction
      buildConfiguration = "Release"
      shouldUseLaunchSchemeArgsEnv = "YES"
      savedToolIdentifier = ""
      useCustomWorkingDirectory = "NO"
      debugDocumentVersioning = "YES"
      launchAutomaticallySubstyle = "2">
      <BuildableProductRunnable
         runnableDebuggingMode = "0">
         <BuildableReference
            BuildableIdentifier = "primary"
            BlueprintIdentifier = "B235DE4A1D9A0D8E00A176F6"
            BuildableName = "&#x8f6e;&#x64ad;&#x56fe;.app"
            BlueprintName = "&#x8f6e;&#x64ad;&#x56fe;"
            ReferencedContainer = "container:&#x8f6e;&#x64ad;&#x56fe;.xcodeproj">
         </BuildableReference>
      </BuildableProductRunnable>
   </ProfileAction>
   <AnalyzeAction
      buildConfiguration = "Debug">
   </AnalyzeAction>
   <ArchiveAction
      buildConfiguration = "Release"
      revealArchiveInOrganizer = "YES">
   </ArchiveAction>
</Scheme>
